{
  "name": "yt-defaulter",
  "lockfileVersion": 3,
  "requires": true,
  "packages": {
    "": {
      "name": "yt-defaulter",
      "license": "MIT",
      "devDependencies": {
        "bun-build-userscript": "^1.0.4"
      }
    },
    "node_modules/bun-build-userscript": {
      "version": "1.2.4",
      "resolved": "https://registry.npmjs.org/bun-build-userscript/-/bun-build-userscript-1.2.4.tgz",
      "integrity": "sha512-QandmhvJWabYggHJIr5xYcvVs9df5aqFi8s1wQ2928fGdpWpjMF4Swq1Fwq5kcfP/bbfJdZxFe7GzKMhtc9S8w==",
      "dev": true,
      "bin": {
        "build-userscript": "bin.ts"
      },
      "peerDependencies": {
        "typescript": "^5.0.0"
      }
    },
    "node_modules/typescript": {
      "version": "5.2.2",
      "resolved": "https://registry.npmjs.org/typescript/-/typescript-5.2.2.tgz",
      "integrity": "sha512-mI4WrpHsbCIcwT9cF4FZvr80QUeKvsUsUvKDoR+X/7XHQH98xYD8YHZg7ANtz2GtZt/CBq2QJ0thkGJMHfqc1w==",
      "dev": true,
      "peer": true,
      "bin": {
        "tsc": "bin/tsc",
        "tsserver": "bin/tsserver"
      },
      "engines": {
        "node": ">=14.17"
      }
    }
  }
}
